// !$*UTF8*$!
{
	archiveVersion = 1;
	classes = {
	};
	objectVersion = 46;
	objects = {

/* Begin PBXBuildFile section */
		14FF4F9D84C209F12D3380DD /* Pods_Graygram.framework in Frameworks */ = {isa = PBXBuildFile; fileRef = 80498976BF2667ACC640F744 /* Pods_Graygram.framework */; };
		BD01E3E31E7FF44900561915 /* Assets.xcassets in Resources */ = {isa = PBXBuildFile; fileRef = BD01E3CA1E7FF44900561915 /* Assets.xcassets */; };
		BD01E3E41E7FF44900561915 /* LaunchScreen.storyboard in Resources */ = {isa = PBXBuildFile; fileRef = BD01E3CB1E7FF44900561915 /* LaunchScreen.storyboard */; };
		BD01E3E51E7FF44900561915 /* AppDelegate.swift in Sources */ = {isa = PBXBuildFile; fileRef = BD01E3CE1E7FF44900561915 /* AppDelegate.swift */; };
		BD01E3E61E7FF44900561915 /* Post.swift in Sources */ = {isa = PBXBuildFile; fileRef = BD01E3D01E7FF44900561915 /* Post.swift */; };
		BD01E3E71E7FF44900561915 /* String+BoundingRect.swift in Sources */ = {isa = PBXBuildFile; fileRef = BD01E3D21E7FF44900561915 /* String+BoundingRect.swift */; };
		BD01E3E81E7FF44900561915 /* UIImage+Grayscaled.swift in Sources */ = {isa = PBXBuildFile; fileRef = BD01E3D31E7FF44900561915 /* UIImage+Grayscaled.swift */; };
		BD01E3E91E7FF44900561915 /* UIImageView+SetImageWithPhotoID.swift in Sources */ = {isa = PBXBuildFile; fileRef = BD01E3D41E7FF44900561915 /* UIImageView+SetImageWithPhotoID.swift */; };
		BD01E3EA1E7FF44900561915 /* CropViewController.swift in Sources */ = {isa = PBXBuildFile; fileRef = BD01E3D61E7FF44900561915 /* CropViewController.swift */; };
		BD01E3EB1E7FF44900561915 /* FeedViewController.swift in Sources */ = {isa = PBXBuildFile; fileRef = BD01E3D71E7FF44900561915 /* FeedViewController.swift */; };
		BD01E3EC1E7FF44900561915 /* LoginViewController.swift in Sources */ = {isa = PBXBuildFile; fileRef = BD01E3D81E7FF44900561915 /* LoginViewController.swift */; };
		BD01E3ED1E7FF44900561915 /* MainTabBarController.swift in Sources */ = {isa = PBXBuildFile; fileRef = BD01E3D91E7FF44900561915 /* MainTabBarController.swift */; };
		BD01E3EE1E7FF44900561915 /* PostEditorViewController.swift in Sources */ = {isa = PBXBuildFile; fileRef = BD01E3DA1E7FF44900561915 /* PostEditorViewController.swift */; };
		BD01E3EF1E7FF44900561915 /* SplashViewController.swift in Sources */ = {isa = PBXBuildFile; fileRef = BD01E3DB1E7FF44900561915 /* SplashViewController.swift */; };
		BD01E3F01E7FF44900561915 /* CollectionActivityIndicatorView.swift in Sources */ = {isa = PBXBuildFile; fileRef = BD01E3DD1E7FF44900561915 /* CollectionActivityIndicatorView.swift */; };
		BD01E3F11E7FF44900561915 /* PostCardCell.swift in Sources */ = {isa = PBXBuildFile; fileRef = BD01E3DE1E7FF44900561915 /* PostCardCell.swift */; };
		BD01E3F21E7FF44900561915 /* PostEditorImageCell.swift in Sources */ = {isa = PBXBuildFile; fileRef = BD01E3DF1E7FF44900561915 /* PostEditorImageCell.swift */; };
		BD01E3F31E7FF44900561915 /* PostEditorMessageCell.swift in Sources */ = {isa = PBXBuildFile; fileRef = BD01E3E01E7FF44900561915 /* PostEditorMessageCell.swift */; };
		BD01E3F71E7FF5F200561915 /* UserService.swift in Sources */ = {isa = PBXBuildFile; fileRef = BD01E3F61E7FF5F200561915 /* UserService.swift */; };
		BD01E3F91E7FF83000561915 /* User.swift in Sources */ = {isa = PBXBuildFile; fileRef = BD01E3F81E7FF83000561915 /* User.swift */; };
		BD01E3FC1E8000E700561915 /* MappingError.swift in Sources */ = {isa = PBXBuildFile; fileRef = BD01E3FB1E8000E700561915 /* MappingError.swift */; };
		BD01E3FE1E80027300561915 /* DataResponse+MapResult.swift in Sources */ = {isa = PBXBuildFile; fileRef = BD01E3FD1E80027300561915 /* DataResponse+MapResult.swift */; };
		BD01E4011E800CFE00561915 /* FeedService.swift in Sources */ = {isa = PBXBuildFile; fileRef = BD01E4001E800CFE00561915 /* FeedService.swift */; };
		BD01E4031E800DAD00561915 /* Feed.swift in Sources */ = {isa = PBXBuildFile; fileRef = BD01E4021E800DAD00561915 /* Feed.swift */; };
		BD01E4051E80102B00561915 /* Paging.swift in Sources */ = {isa = PBXBuildFile; fileRef = BD01E4041E80102B00561915 /* Paging.swift */; };
		BD01E4071E80135100561915 /* AuthService.swift in Sources */ = {isa = PBXBuildFile; fileRef = BD01E4061E80135100561915 /* AuthService.swift */; };
		BD55DE231E82911A00A44B40 /* PostService.swift in Sources */ = {isa = PBXBuildFile; fileRef = BD55DE221E82911A00A44B40 /* PostService.swift */; };
		BD55DE251E82A3A500A44B40 /* PostTileCell.swift in Sources */ = {isa = PBXBuildFile; fileRef = BD55DE241E82A3A500A44B40 /* PostTileCell.swift */; };
		BD55DE271E82AAD500A44B40 /* PostViewController.swift in Sources */ = {isa = PBXBuildFile; fileRef = BD55DE261E82AAD500A44B40 /* PostViewController.swift */; };
		BDB53A6B1E89393500B463B3 /* URLNavigationMap.swift in Sources */ = {isa = PBXBuildFile; fileRef = BDB53A6A1E89393500B463B3 /* URLNavigationMap.swift */; };
/* End PBXBuildFile section */

/* Begin PBXFileReference section */
		1B86BB9764F4EC6B338F3DF1 /* Pods-Graygram.debug.xcconfig */ = {isa = PBXFileReference; includeInIndex = 1; lastKnownFileType = text.xcconfig; name = "Pods-Graygram.debug.xcconfig"; path = "Pods/Target Support Files/Pods-Graygram/Pods-Graygram.debug.xcconfig"; sourceTree = "<group>"; };
		1DFF276F1A629FE899D19E8D /* Pods-Graygram.release.xcconfig */ = {isa = PBXFileReference; includeInIndex = 1; lastKnownFileType = text.xcconfig; name = "Pods-Graygram.release.xcconfig"; path = "Pods/Target Support Files/Pods-Graygram/Pods-Graygram.release.xcconfig"; sourceTree = "<group>"; };
		80498976BF2667ACC640F744 /* Pods_Graygram.framework */ = {isa = PBXFileReference; explicitFileType = wrapper.framework; includeInIndex = 0; path = Pods_Graygram.framework; sourceTree = BUILT_PRODUCTS_DIR; };
		BD01E3CA1E7FF44900561915 /* Assets.xcassets */ = {isa = PBXFileReference; lastKnownFileType = folder.assetcatalog; path = Assets.xcassets; sourceTree = "<group>"; };
		BD01E3CC1E7FF44900561915 /* Base */ = {isa = PBXFileReference; lastKnownFileType = file.storyboard; name = Base; path = Base.lproj/LaunchScreen.storyboard; sourceTree = "<group>"; };
		BD01E3CE1E7FF44900561915 /* AppDelegate.swift */ = {isa = PBXFileReference; fileEncoding = 4; lastKnownFileType = sourcecode.swift; path = AppDelegate.swift; sourceTree = "<group>"; };
		BD01E3D01E7FF44900561915 /* Post.swift */ = {isa = PBXFileReference; fileEncoding = 4; lastKnownFileType = sourcecode.swift; path = Post.swift; sourceTree = "<group>"; };
		BD01E3D21E7FF44900561915 /* String+BoundingRect.swift */ = {isa = PBXFileReference; fileEncoding = 4; lastKnownFileType = sourcecode.swift; path = "String+BoundingRect.swift"; sourceTree = "<group>"; };
		BD01E3D31E7FF44900561915 /* UIImage+Grayscaled.swift */ = {isa = PBXFileReference; fileEncoding = 4; lastKnownFileType = sourcecode.swift; path = "UIImage+Grayscaled.swift"; sourceTree = "<group>"; };
		BD01E3D41E7FF44900561915 /* UIImageView+SetImageWithPhotoID.swift */ = {isa = PBXFileReference; fileEncoding = 4; lastKnownFileType = sourcecode.swift; path = "UIImageView+SetImageWithPhotoID.swift"; sourceTree = "<group>"; };
		BD01E3D61E7FF44900561915 /* CropViewController.swift */ = {isa = PBXFileReference; fileEncoding = 4; lastKnownFileType = sourcecode.swift; path = CropViewController.swift; sourceTree = "<group>"; };
		BD01E3D71E7FF44900561915 /* FeedViewController.swift */ = {isa = PBXFileReference; fileEncoding = 4; lastKnownFileType = sourcecode.swift; path = FeedViewController.swift; sourceTree = "<group>"; };
		BD01E3D81E7FF44900561915 /* LoginViewController.swift */ = {isa = PBXFileReference; fileEncoding = 4; lastKnownFileType = sourcecode.swift; path = LoginViewController.swift; sourceTree = "<group>"; };
		BD01E3D91E7FF44900561915 /* MainTabBarController.swift */ = {isa = PBXFileReference; fileEncoding = 4; lastKnownFileType = sourcecode.swift; path = MainTabBarController.swift; sourceTree = "<group>"; };
		BD01E3DA1E7FF44900561915 /* PostEditorViewController.swift */ = {isa = PBXFileReference; fileEncoding = 4; lastKnownFileType = sourcecode.swift; path = PostEditorViewController.swift; sourceTree = "<group>"; };
		BD01E3DB1E7FF44900561915 /* SplashViewController.swift */ = {isa = PBXFileReference; fileEncoding = 4; lastKnownFileType = sourcecode.swift; path = SplashViewController.swift; sourceTree = "<group>"; };
		BD01E3DD1E7FF44900561915 /* CollectionActivityIndicatorView.swift */ = {isa = PBXFileReference; fileEncoding = 4; lastKnownFileType = sourcecode.swift; path = CollectionActivityIndicatorView.swift; sourceTree = "<group>"; };
		BD01E3DE1E7FF44900561915 /* PostCardCell.swift */ = {isa = PBXFileReference; fileEncoding = 4; lastKnownFileType = sourcecode.swift; path = PostCardCell.swift; sourceTree = "<group>"; };
		BD01E3DF1E7FF44900561915 /* PostEditorImageCell.swift */ = {isa = PBXFileReference; fileEncoding = 4; lastKnownFileType = sourcecode.swift; path = PostEditorImageCell.swift; sourceTree = "<group>"; };
		BD01E3E01E7FF44900561915 /* PostEditorMessageCell.swift */ = {isa = PBXFileReference; fileEncoding = 4; lastKnownFileType = sourcecode.swift; path = PostEditorMessageCell.swift; sourceTree = "<group>"; };
		BD01E3E21E7FF44900561915 /* Info.plist */ = {isa = PBXFileReference; fileEncoding = 4; lastKnownFileType = text.plist.xml; path = Info.plist; sourceTree = "<group>"; };
		BD01E3F61E7FF5F200561915 /* UserService.swift */ = {isa = PBXFileReference; fileEncoding = 4; lastKnownFileType = sourcecode.swift; path = UserService.swift; sourceTree = "<group>"; };
		BD01E3F81E7FF83000561915 /* User.swift */ = {isa = PBXFileReference; fileEncoding = 4; lastKnownFileType = sourcecode.swift; path = User.swift; sourceTree = "<group>"; };
		BD01E3FA1E7FF9F300561915 /* GenericPlayground.playground */ = {isa = PBXFileReference; lastKnownFileType = file.playground; path = GenericPlayground.playground; sourceTree = "<group>"; };
		BD01E3FB1E8000E700561915 /* MappingError.swift */ = {isa = PBXFileReference; fileEncoding = 4; lastKnownFileType = sourcecode.swift; path = MappingError.swift; sourceTree = "<group>"; };
		BD01E3FD1E80027300561915 /* DataResponse+MapResult.swift */ = {isa = PBXFileReference; fileEncoding = 4; lastKnownFileType = sourcecode.swift; path = "DataResponse+MapResult.swift"; sourceTree = "<group>"; };
		BD01E3FF1E80057E00561915 /* ResultPlayground.playground */ = {isa = PBXFileReference; lastKnownFileType = file.playground; path = ResultPlayground.playground; sourceTree = "<group>"; };
		BD01E4001E800CFE00561915 /* FeedService.swift */ = {isa = PBXFileReference; fileEncoding = 4; lastKnownFileType = sourcecode.swift; path = FeedService.swift; sourceTree = "<group>"; };
		BD01E4021E800DAD00561915 /* Feed.swift */ = {isa = PBXFileReference; fileEncoding = 4; lastKnownFileType = sourcecode.swift; path = Feed.swift; sourceTree = "<group>"; };
		BD01E4041E80102B00561915 /* Paging.swift */ = {isa = PBXFileReference; fileEncoding = 4; lastKnownFileType = sourcecode.swift; path = Paging.swift; sourceTree = "<group>"; };
		BD01E4061E80135100561915 /* AuthService.swift */ = {isa = PBXFileReference; fileEncoding = 4; lastKnownFileType = sourcecode.swift; path = AuthService.swift; sourceTree = "<group>"; };
		BD4C51601E5DA96000C9C4B7 /* Graygram.app */ = {isa = PBXFileReference; explicitFileType = wrapper.application; includeInIndex = 0; path = Graygram.app; sourceTree = BUILT_PRODUCTS_DIR; };
		BD55DE221E82911A00A44B40 /* PostService.swift */ = {isa = PBXFileReference; fileEncoding = 4; lastKnownFileType = sourcecode.swift; path = PostService.swift; sourceTree = "<group>"; };
		BD55DE241E82A3A500A44B40 /* PostTileCell.swift */ = {isa = PBXFileReference; fileEncoding = 4; lastKnownFileType = sourcecode.swift; path = PostTileCell.swift; sourceTree = "<group>"; };
		BD55DE261E82AAD500A44B40 /* PostViewController.swift */ = {isa = PBXFileReference; fileEncoding = 4; lastKnownFileType = sourcecode.swift; path = PostViewController.swift; sourceTree = "<group>"; };
		BDB53A6A1E89393500B463B3 /* URLNavigationMap.swift */ = {isa = PBXFileReference; fileEncoding = 4; lastKnownFileType = sourcecode.swift; path = URLNavigationMap.swift; sourceTree = "<group>"; };
/* End PBXFileReference section */

/* Begin PBXFrameworksBuildPhase section */
		BD4C515D1E5DA96000C9C4B7 /* Frameworks */ = {
			isa = PBXFrameworksBuildPhase;
			buildActionMask = 2147483647;
			files = (
				14FF4F9D84C209F12D3380DD /* Pods_Graygram.framework in Frameworks */,
			);
			runOnlyForDeploymentPostprocessing = 0;
		};
/* End PBXFrameworksBuildPhase section */

/* Begin PBXGroup section */
		5C0D0C44FDF12130234E9254 /* Pods */ = {
			isa = PBXGroup;
			children = (
				1B86BB9764F4EC6B338F3DF1 /* Pods-Graygram.debug.xcconfig */,
				1DFF276F1A629FE899D19E8D /* Pods-Graygram.release.xcconfig */,
			);
			name = Pods;
			sourceTree = "<group>";
		};
		64BDA351FE34B916166C33F7 /* Frameworks */ = {
			isa = PBXGroup;
			children = (
				80498976BF2667ACC640F744 /* Pods_Graygram.framework */,
			);
			name = Frameworks;
			sourceTree = "<group>";
		};
		BD01E3C81E7FF44900561915 /* Graygram */ = {
			isa = PBXGroup;
			children = (
				BD01E3CD1E7FF44900561915 /* Sources */,
				BD01E3C91E7FF44900561915 /* Resources */,
				BD01E3E11E7FF44900561915 /* Supporing Files */,
			);
			path = Graygram;
			sourceTree = "<group>";
		};
		BD01E3C91E7FF44900561915 /* Resources */ = {
			isa = PBXGroup;
			children = (
				BD01E3CA1E7FF44900561915 /* Assets.xcassets */,
				BD01E3CB1E7FF44900561915 /* LaunchScreen.storyboard */,
			);
			path = Resources;
			sourceTree = "<group>";
		};
		BD01E3CD1E7FF44900561915 /* Sources */ = {
			isa = PBXGroup;
			children = (
				BD01E3CE1E7FF44900561915 /* AppDelegate.swift */,
				BDB53A6A1E89393500B463B3 /* URLNavigationMap.swift */,
				BD01E3FB1E8000E700561915 /* MappingError.swift */,
				BD01E4041E80102B00561915 /* Paging.swift */,
				BD01E3F51E7FF5B600561915 /* Services */,
				BD01E3CF1E7FF44900561915 /* Models */,
				BD01E3D51E7FF44900561915 /* ViewControllers */,
				BD01E3DC1E7FF44900561915 /* Views */,
				BD01E3D11E7FF44900561915 /* Utils */,
			);
			path = Sources;
			sourceTree = "<group>";
		};
		BD01E3CF1E7FF44900561915 /* Models */ = {
			isa = PBXGroup;
			children = (
				BD01E3D01E7FF44900561915 /* Post.swift */,
				BD01E3F81E7FF83000561915 /* User.swift */,
				BD01E4021E800DAD00561915 /* Feed.swift */,
			);
			path = Models;
			sourceTree = "<group>";
		};
		BD01E3D11E7FF44900561915 /* Utils */ = {
			isa = PBXGroup;
			children = (
				BD01E3D21E7FF44900561915 /* String+BoundingRect.swift */,
				BD01E3D31E7FF44900561915 /* UIImage+Grayscaled.swift */,
				BD01E3D41E7FF44900561915 /* UIImageView+SetImageWithPhotoID.swift */,
				BD01E3FD1E80027300561915 /* DataResponse+MapResult.swift */,
			);
			path = Utils;
			sourceTree = "<group>";
		};
		BD01E3D51E7FF44900561915 /* ViewControllers */ = {
			isa = PBXGroup;
			children = (
				BD01E3D61E7FF44900561915 /* CropViewController.swift */,
				BD01E3D71E7FF44900561915 /* FeedViewController.swift */,
				BD01E3D81E7FF44900561915 /* LoginViewController.swift */,
				BD01E3D91E7FF44900561915 /* MainTabBarController.swift */,
				BD01E3DA1E7FF44900561915 /* PostEditorViewController.swift */,
				BD01E3DB1E7FF44900561915 /* SplashViewController.swift */,
				BD55DE261E82AAD500A44B40 /* PostViewController.swift */,
			);
			path = ViewControllers;
			sourceTree = "<group>";
		};
		BD01E3DC1E7FF44900561915 /* Views */ = {
			isa = PBXGroup;
			children = (
				BD01E3DD1E7FF44900561915 /* CollectionActivityIndicatorView.swift */,
				BD01E3DE1E7FF44900561915 /* PostCardCell.swift */,
				BD01E3DF1E7FF44900561915 /* PostEditorImageCell.swift */,
				BD01E3E01E7FF44900561915 /* PostEditorMessageCell.swift */,
				BD55DE241E82A3A500A44B40 /* PostTileCell.swift */,
			);
			path = Views;
			sourceTree = "<group>";
		};
		BD01E3E11E7FF44900561915 /* Supporing Files */ = {
			isa = PBXGroup;
			children = (
				BD01E3E21E7FF44900561915 /* Info.plist */,
			);
			path = "Supporing Files";
			sourceTree = "<group>";
		};
		BD01E3F51E7FF5B600561915 /* Services */ = {
			isa = PBXGroup;
			children = (
				BD01E3F61E7FF5F200561915 /* UserService.swift */,
				BD01E4001E800CFE00561915 /* FeedService.swift */,
				BD01E4061E80135100561915 /* AuthService.swift */,
				BD55DE221E82911A00A44B40 /* PostService.swift */,
			);
			path = Services;
			sourceTree = "<group>";
		};
		BD4C51571E5DA96000C9C4B7 = {
			isa = PBXGroup;
			children = (
				BD01E3FF1E80057E00561915 /* ResultPlayground.playground */,
				BD01E3FA1E7FF9F300561915 /* GenericPlayground.playground */,
				BD01E3C81E7FF44900561915 /* Graygram */,
				BD4C51611E5DA96000C9C4B7 /* Products */,
				5C0D0C44FDF12130234E9254 /* Pods */,
				64BDA351FE34B916166C33F7 /* Frameworks */,
			);
			sourceTree = "<group>";
		};
		BD4C51611E5DA96000C9C4B7 /* Products */ = {
			isa = PBXGroup;
			children = (
				BD4C51601E5DA96000C9C4B7 /* Graygram.app */,
			);
			name = Products;
			sourceTree = "<group>";
		};
/* End PBXGroup section */

/* Begin PBXNativeTarget section */
		BD4C515F1E5DA96000C9C4B7 /* Graygram */ = {
			isa = PBXNativeTarget;
			buildConfigurationList = BD4C51721E5DA96000C9C4B7 /* Build configuration list for PBXNativeTarget "Graygram" */;
			buildPhases = (
				2A5BD9518FAC3688A6F103F0 /* [CP] Check Pods Manifest.lock */,
				BD4C515C1E5DA96000C9C4B7 /* Sources */,
				BD4C515D1E5DA96000C9C4B7 /* Frameworks */,
				BD4C515E1E5DA96000C9C4B7 /* Resources */,
				A2427A2BAB4A45648CA539D3 /* [CP] Embed Pods Frameworks */,
				A5AD7EA5612EC28652632EDA /* [CP] Copy Pods Resources */,
			);
			buildRules = (
			);
			dependencies = (
			);
			name = Graygram;
			productName = Graygram;
			productReference = BD4C51601E5DA96000C9C4B7 /* Graygram.app */;
			productType = "com.apple.product-type.application";
		};
/* End PBXNativeTarget section */

/* Begin PBXProject section */
		BD4C51581E5DA96000C9C4B7 /* Project object */ = {
			isa = PBXProject;
			attributes = {
				LastSwiftUpdateCheck = 0820;
				LastUpgradeCheck = 0820;
				ORGANIZATIONNAME = "Taedong Kim";
				TargetAttributes = {
					BD4C515F1E5DA96000C9C4B7 = {
						CreatedOnToolsVersion = 8.2.1;
						ProvisioningStyle = Automatic;
					};
				};
			};
			buildConfigurationList = BD4C515B1E5DA96000C9C4B7 /* Build configuration list for PBXProject "Graygram" */;
			compatibilityVersion = "Xcode 3.2";
			developmentRegion = English;
			hasScannedForEncodings = 0;
			knownRegions = (
				en,
				Base,
			);
			mainGroup = BD4C51571E5DA96000C9C4B7;
			productRefGroup = BD4C51611E5DA96000C9C4B7 /* Products */;
			projectDirPath = "";
			projectRoot = "";
			targets = (
				BD4C515F1E5DA96000C9C4B7 /* Graygram */,
			);
		};
/* End PBXProject section */

/* Begin PBXResourcesBuildPhase section */
		BD4C515E1E5DA96000C9C4B7 /* Resources */ = {
			isa = PBXResourcesBuildPhase;
			buildActionMask = 2147483647;
			files = (
				BD01E3E31E7FF44900561915 /* Assets.xcassets in Resources */,
				BD01E3E41E7FF44900561915 /* LaunchScreen.storyboard in Resources */,
			);
			runOnlyForDeploymentPostprocessing = 0;
		};
/* End PBXResourcesBuildPhase section */

/* Begin PBXShellScriptBuildPhase section */
		2A5BD9518FAC3688A6F103F0 /* [CP] Check Pods Manifest.lock */ = {
			isa = PBXShellScriptBuildPhase;
			buildActionMask = 2147483647;
			files = (
			);
			inputPaths = (
			);
			name = "[CP] Check Pods Manifest.lock";
			outputPaths = (
			);
			runOnlyForDeploymentPostprocessing = 0;
			shellPath = /bin/sh;
			shellScript = "diff \"${PODS_ROOT}/../Podfile.lock\" \"${PODS_ROOT}/Manifest.lock\" > /dev/null\nif [ $? != 0 ] ; then\n    # print error to STDERR\n    echo \"error: The sandbox is not in sync with the Podfile.lock. Run 'pod install' or update your CocoaPods installation.\" >&2\n    exit 1\nfi\n";
			showEnvVarsInLog = 0;
		};
		A2427A2BAB4A45648CA539D3 /* [CP] Embed Pods Frameworks */ = {
			isa = PBXShellScriptBuildPhase;
			buildActionMask = 2147483647;
			files = (
			);
			inputPaths = (
			);
			name = "[CP] Embed Pods Frameworks";
			outputPaths = (
			);
			runOnlyForDeploymentPostprocessing = 0;
			shellPath = /bin/sh;
			shellScript = "\"${SRCROOT}/Pods/Target Support Files/Pods-Graygram/Pods-Graygram-frameworks.sh\"\n";
			showEnvVarsInLog = 0;
		};
		A5AD7EA5612EC28652632EDA /* [CP] Copy Pods Resources */ = {
			isa = PBXShellScriptBuildPhase;
			buildActionMask = 2147483647;
			files = (
			);
			inputPaths = (
			);
			name = "[CP] Copy Pods Resources";
			outputPaths = (
			);
			runOnlyForDeploymentPostprocessing = 0;
			shellPath = /bin/sh;
			shellScript = "\"${SRCROOT}/Pods/Target Support Files/Pods-Graygram/Pods-Graygram-resources.sh\"\n";
			showEnvVarsInLog = 0;
		};
/* End PBXShellScriptBuildPhase section */

/* Begin PBXSourcesBuildPhase section */
		BD4C515C1E5DA96000C9C4B7 /* Sources */ = {
			isa = PBXSourcesBuildPhase;
			buildActionMask = 2147483647;
			files = (
				BD01E3F21E7FF44900561915 /* PostEditorImageCell.swift in Sources */,
				BD01E4071E80135100561915 /* AuthService.swift in Sources */,
				BD01E3FC1E8000E700561915 /* MappingError.swift in Sources */,
				BD01E3E51E7FF44900561915 /* AppDelegate.swift in Sources */,
				BD01E3F01E7FF44900561915 /* CollectionActivityIndicatorView.swift in Sources */,
				BD01E3F11E7FF44900561915 /* PostCardCell.swift in Sources */,
				BD01E3EE1E7FF44900561915 /* PostEditorViewController.swift in Sources */,
				BD01E3E71E7FF44900561915 /* String+BoundingRect.swift in Sources */,
				BD01E3ED1E7FF44900561915 /* MainTabBarController.swift in Sources */,
				BD01E3F91E7FF83000561915 /* User.swift in Sources */,
				BD01E4051E80102B00561915 /* Paging.swift in Sources */,
				BD01E4011E800CFE00561915 /* FeedService.swift in Sources */,
				BD01E4031E800DAD00561915 /* Feed.swift in Sources */,
				BD01E3EA1E7FF44900561915 /* CropViewController.swift in Sources */,
				BD01E3E81E7FF44900561915 /* UIImage+Grayscaled.swift in Sources */,
				BD01E3EC1E7FF44900561915 /* LoginViewController.swift in Sources */,
				BD55DE271E82AAD500A44B40 /* PostViewController.swift in Sources */,
				BD01E3FE1E80027300561915 /* DataResponse+MapResult.swift in Sources */,
				BD01E3E91E7FF44900561915 /* UIImageView+SetImageWithPhotoID.swift in Sources */,
				BD01E3E61E7FF44900561915 /* Post.swift in Sources */,
				BDB53A6B1E89393500B463B3 /* URLNavigationMap.swift in Sources */,
				BD55DE231E82911A00A44B40 /* PostService.swift in Sources */,
				BD01E3F71E7FF5F200561915 /* UserService.swift in Sources */,
				BD01E3EB1E7FF44900561915 /* FeedViewController.swift in Sources */,
				BD01E3EF1E7FF44900561915 /* SplashViewController.swift in Sources */,
				BD01E3F31E7FF44900561915 /* PostEditorMessageCell.swift in Sources */,
				BD55DE251E82A3A500A44B40 /* PostTileCell.swift in Sources */,
			);
			runOnlyForDeploymentPostprocessing = 0;
		};
/* End PBXSourcesBuildPhase section */

/* Begin PBXVariantGroup section */
		BD01E3CB1E7FF44900561915 /* LaunchScreen.storyboard */ = {
			isa = PBXVariantGroup;
			children = (
				BD01E3CC1E7FF44900561915 /* Base */,
			);
			name = LaunchScreen.storyboard;
			sourceTree = "<group>";
		};
/* End PBXVariantGroup section */

/* Begin XCBuildConfiguration section */
		BD4C51701E5DA96000C9C4B7 /* Debug */ = {
			isa = XCBuildConfiguration;
			buildSettings = {
				ALWAYS_SEARCH_USER_PATHS = NO;
				CLANG_ANALYZER_NONNULL = YES;
				CLANG_CXX_LANGUAGE_STANDARD = "gnu++0x";
				CLANG_CXX_LIBRARY = "libc++";
				CLANG_ENABLE_MODULES = YES;
				CLANG_ENABLE_OBJC_ARC = YES;
				CLANG_WARN_BOOL_CONVERSION = YES;
				CLANG_WARN_CONSTANT_CONVERSION = YES;
				CLANG_WARN_DIRECT_OBJC_ISA_USAGE = YES_ERROR;
				CLANG_WARN_DOCUMENTATION_COMMENTS = YES;
				CLANG_WARN_EMPTY_BODY = YES;
				CLANG_WARN_ENUM_CONVERSION = YES;
				CLANG_WARN_INFINITE_RECURSION = YES;
				CLANG_WARN_INT_CONVERSION = YES;
				CLANG_WARN_OBJC_ROOT_CLASS = YES_ERROR;
				CLANG_WARN_SUSPICIOUS_MOVE = YES;
				CLANG_WARN_UNREACHABLE_CODE = YES;
				CLANG_WARN__DUPLICATE_METHOD_MATCH = YES;
				"CODE_SIGN_IDENTITY[sdk=iphoneos*]" = "iPhone Developer";
				COPY_PHASE_STRIP = NO;
				DEBUG_INFORMATION_FORMAT = dwarf;
				ENABLE_STRICT_OBJC_MSGSEND = YES;
				ENABLE_TESTABILITY = YES;
				GCC_C_LANGUAGE_STANDARD = gnu99;
				GCC_DYNAMIC_NO_PIC = NO;
				GCC_NO_COMMON_BLOCKS = YES;
				GCC_OPTIMIZATION_LEVEL = 0;
				GCC_PREPROCESSOR_DEFINITIONS = (
					"DEBUG=1",
					"$(inherited)",
				);
				GCC_WARN_64_TO_32_BIT_CONVERSION = YES;
				GCC_WARN_ABOUT_RETURN_TYPE = YES_ERROR;
				GCC_WARN_UNDECLARED_SELECTOR = YES;
				GCC_WARN_UNINITIALIZED_AUTOS = YES_AGGRESSIVE;
				GCC_WARN_UNUSED_FUNCTION = YES;
				GCC_WARN_UNUSED_VARIABLE = YES;
				IPHONEOS_DEPLOYMENT_TARGET = 10.2;
				MTL_ENABLE_DEBUG_INFO = YES;
				ONLY_ACTIVE_ARCH = YES;
				SDKROOT = iphoneos;
				SWIFT_ACTIVE_COMPILATION_CONDITIONS = DEBUG;
				SWIFT_OPTIMIZATION_LEVEL = "-Onone";
			};
			name = Debug;
		};
		BD4C51711E5DA96000C9C4B7 /* Release */ = {
			isa = XCBuildConfiguration;
			buildSettings = {
				ALWAYS_SEARCH_USER_PATHS = NO;
				CLANG_ANALYZER_NONNULL = YES;
				CLANG_CXX_LANGUAGE_STANDARD = "gnu++0x";
				CLANG_CXX_LIBRARY = "libc++";
				CLANG_ENABLE_MODULES = YES;
				CLANG_ENABLE_OBJC_ARC = YES;
				CLANG_WARN_BOOL_CONVERSION = YES;
				CLANG_WARN_CONSTANT_CONVERSION = YES;
				CLANG_WARN_DIRECT_OBJC_ISA_USAGE = YES_ERROR;
				CLANG_WARN_DOCUMENTATION_COMMENTS = YES;
				CLANG_WARN_EMPTY_BODY = YES;
				CLANG_WARN_ENUM_CONVERSION = YES;
				CLANG_WARN_INFINITE_RECURSION = YES;
				CLANG_WARN_INT_CONVERSION = YES;
				CLANG_WARN_OBJC_ROOT_CLASS = YES_ERROR;
				CLANG_WARN_SUSPICIOUS_MOVE = YES;
				CLANG_WARN_UNREACHABLE_CODE = YES;
				CLANG_WARN__DUPLICATE_METHOD_MATCH = YES;
				"CODE_SIGN_IDENTITY[sdk=iphoneos*]" = "iPhone Developer";
				COPY_PHASE_STRIP = NO;
				DEBUG_INFORMATION_FORMAT = "dwarf-with-dsym";
				ENABLE_NS_ASSERTIONS = NO;
				ENABLE_STRICT_OBJC_MSGSEND = YES;
				GCC_C_LANGUAGE_STANDARD = gnu99;
				GCC_NO_COMMON_BLOCKS = YES;
				GCC_WARN_64_TO_32_BIT_CONVERSION = YES;
				GCC_WARN_ABOUT_RETURN_TYPE = YES_ERROR;
				GCC_WARN_UNDECLARED_SELECTOR = YES;
				GCC_WARN_UNINITIALIZED_AUTOS = YES_AGGRESSIVE;
				GCC_WARN_UNUSED_FUNCTION = YES;
				GCC_WARN_UNUSED_VARIABLE = YES;
				IPHONEOS_DEPLOYMENT_TARGET = 10.2;
				MTL_ENABLE_DEBUG_INFO = NO;
				SDKROOT = iphoneos;
				SWIFT_OPTIMIZATION_LEVEL = "-Owholemodule";
				VALIDATE_PRODUCT = YES;
			};
			name = Release;
		};
		BD4C51731E5DA96000C9C4B7 /* Debug */ = {
			isa = XCBuildConfiguration;
			baseConfigurationReference = 1B86BB9764F4EC6B338F3DF1 /* Pods-Graygram.debug.xcconfig */;
			buildSettings = {
				ASSETCATALOG_COMPILER_APPICON_NAME = AppIcon;
				INFOPLIST_FILE = "$(SRCROOT)/Graygram/Supporing Files/Info.plist";
				LD_RUNPATH_SEARCH_PATHS = "$(inherited) @executable_path/Frameworks";
				PRODUCT_BUNDLE_IDENTIFIER = com.aney.Graygram;
				PRODUCT_NAME = "$(TARGET_NAME)";
				SWIFT_VERSION = 3.0;
			};
			name = Debug;
		};
		BD4C51741E5DA96000C9C4B7 /* Release */ = {
			isa = XCBuildConfiguration;
			baseConfigurationReference = 1DFF276F1A629FE899D19E8D /* Pods-Graygram.release.xcconfig */;
			buildSettings = {
				ASSETCATALOG_COMPILER_APPICON_NAME = AppIcon;
				INFOPLIST_FILE = "$(SRCROOT)/Graygram/Supporing Files/Info.plist";
				LD_RUNPATH_SEARCH_PATHS = "$(inherited) @executable_path/Frameworks";
				PRODUCT_BUNDLE_IDENTIFIER = com.aney.Graygram;
				PRODUCT_NAME = "$(TARGET_NAME)";
				SWIFT_VERSION = 3.0;
			};
			name = Release;
		};
/* End XCBuildConfiguration section */

/* Begin XCConfigurationList section */
		BD4C515B1E5DA96000C9C4B7 /* Build configuration list for PBXProject "Graygram" */ = {
			isa = XCConfigurationList;
			buildConfigurations = (
				BD4C51701E5DA96000C9C4B7 /* Debug */,
				BD4C51711E5DA96000C9C4B7 /* Release */,
			);
			defaultConfigurationIsVisible = 0;
			defaultConfigurationName = Release;
		};
		BD4C51721E5DA96000C9C4B7 /* Build configuration list for PBXNativeTarget "Graygram" */ = {
			isa = XCConfigurationList;
			buildConfigurations = (
				BD4C51731E5DA96000C9C4B7 /* Debug */,
				BD4C51741E5DA96000C9C4B7 /* Release */,
			);
			defaultConfigurationIsVisible = 0;
			defaultConfigurationName = Release;
		};
/* End XCConfigurationList section */
	};
	rootObject = BD4C51581E5DA96000C9C4B7 /* Project object */;
}
